
Microsoft Visual Studio Solution File, Format Version 12.00
# Visual Studio Version 16
VisualStudioVersion = 16.0.30011.22
MinimumVisualStudioVersion = 10.0.40219.1
Project("{FAE04EC0-301F-11D3-BF4B-00C04F79EFBC}") = "RaidBossChecker", "RaidBossChecker\RaidBossChecker.csproj", "{1F38DF70-F79B-4003-B039-FB3FA69B2552}"
EndProject
Global
	GlobalSection(SolutionConfigurationPlatforms) = preSolution
		Debug|Any CPU = Debug|Any CPU
		Release|Any CPU = Release|Any CPU
	EndGlobalSection
	GlobalSection(ProjectConfigurationPlatforms) = postSolution
		{1F38DF70-F79B-4003-B039-FB3FA69B2552}.Debug|Any CPU.ActiveCfg = Debug|Any CPU
		{1F38DF70-F79B-4003-B039-FB3FA69B2552}.Debug|Any CPU.Build.0 = Debug|Any CPU
		{1F38DF70-F79B-4003-B039-FB3FA69B2552}.Release|Any CPU.ActiveCfg = Release|Any CPU
		{1F38DF70-F79B-4003-B039-FB3FA69B2552}.Release|Any CPU.Build.0 = Release|Any CPU
	EndGlobalSection
	GlobalSection(SolutionProperties) = preSolution
		HideSolutionNode = FALSE
	EndGlobalSection
	GlobalSection(ExtensibilityGlobals) = postSolution
		SolutionGuid = {F84B7EA8-DD5E-4D8E-B34D-48335CB2F1F4}
	EndGlobalSection
EndGlobal
